
Microsoft Visual Studio Solution File, Format Version 12.00
# Visual Studio Version 16
VisualStudioVersion = 16.0.30114.105
MinimumVisualStudioVersion = 10.0.40219.1
Project("{FAE04EC0-301F-11D3-BF4B-00C04F79EFBC}") = "MessageContracts", "MessageContracts\MessageContracts.csproj", "{496D258D-1DEC-4886-85C7-8EB4010B3280}"
EndProject
Global
	GlobalSection(SolutionConfigurationPlatforms) = preSolution
		Debug|Any CPU = Debug|Any CPU
		Release|Any CPU = Release|Any CPU
	EndGlobalSection
	GlobalSection(SolutionProperties) = preSolution
		HideSolutionNode = FALSE
	EndGlobalSection
	GlobalSection(ProjectConfigurationPlatforms) = postSolution
		{496D258D-1DEC-4886-85C7-8EB4010B3280}.Debug|Any CPU.ActiveCfg = Debug|Any CPU
		{496D258D-1DEC-4886-85C7-8EB4010B3280}.Debug|Any CPU.Build.0 = Debug|Any CPU
		{496D258D-1DEC-4886-85C7-8EB4010B3280}.Release|Any CPU.ActiveCfg = Release|Any CPU
		{496D258D-1DEC-4886-85C7-8EB4010B3280}.Release|Any CPU.Build.0 = Release|Any CPU
	EndGlobalSection
EndGlobal
