
Microsoft Visual Studio Solution File, Format Version 12.00
# Visual Studio Version 16
VisualStudioVersion = 16.0.30114.105
MinimumVisualStudioVersion = 10.0.40219.1
Project("{FAE04EC0-301F-11D3-BF4B-00C04F79EFBC}") = "FrontendApplication.TestApplication", "FrontendApplication.TestApplication\FrontendApplication.TestApplication.csproj", "{91CFA8B1-8100-4501-B378-763AA81256D5}"
EndProject
Project("{FAE04EC0-301F-11D3-BF4B-00C04F79EFBC}") = "MessageContracts", "..\MessageContracts\MessageContracts\MessageContracts.csproj", "{F2DEE074-4371-47F3-9FEE-435B056491A3}"
EndProject
Global
	GlobalSection(SolutionConfigurationPlatforms) = preSolution
		Debug|Any CPU = Debug|Any CPU
		Release|Any CPU = Release|Any CPU
	EndGlobalSection
	GlobalSection(SolutionProperties) = preSolution
		HideSolutionNode = FALSE
	EndGlobalSection
	GlobalSection(ProjectConfigurationPlatforms) = postSolution
		{91CFA8B1-8100-4501-B378-763AA81256D5}.Debug|Any CPU.ActiveCfg = Debug|Any CPU
		{91CFA8B1-8100-4501-B378-763AA81256D5}.Debug|Any CPU.Build.0 = Debug|Any CPU
		{91CFA8B1-8100-4501-B378-763AA81256D5}.Release|Any CPU.ActiveCfg = Release|Any CPU
		{91CFA8B1-8100-4501-B378-763AA81256D5}.Release|Any CPU.Build.0 = Release|Any CPU
		{F2DEE074-4371-47F3-9FEE-435B056491A3}.Debug|Any CPU.ActiveCfg = Debug|Any CPU
		{F2DEE074-4371-47F3-9FEE-435B056491A3}.Debug|Any CPU.Build.0 = Debug|Any CPU
		{F2DEE074-4371-47F3-9FEE-435B056491A3}.Release|Any CPU.ActiveCfg = Release|Any CPU
		{F2DEE074-4371-47F3-9FEE-435B056491A3}.Release|Any CPU.Build.0 = Release|Any CPU
	EndGlobalSection
EndGlobal
